
Microsoft Visual Studio Solution File, Format Version 12.00
# Visual Studio Version 16
VisualStudioVersion = 16.0.29009.5
MinimumVisualStudioVersion = 10.0.40219.1
Project("{9A19103F-16F7-4668-BE54-9A1E7A4F7556}") = "Heroes.Grains", "Heroes.Grains\Heroes.Grains.csproj", "{812E3337-C3B3-4232-B546-22216DFC5D2E}"
EndProject
Project("{9A19103F-16F7-4668-BE54-9A1E7A4F7556}") = "Heroes.Contracts.Grains", "Heroes.Contracts.Grains\Heroes.Contracts.Grains.csproj", "{663092C6-1939-4E55-AEFA-2CF731DD21D3}"
EndProject
Project("{9A19103F-16F7-4668-BE54-9A1E7A4F7556}") = "Heroes.Client.ConsoleApp", "Heroes.Client.ConsoleApp\Heroes.Client.ConsoleApp.csproj", "{E41408EF-E16E-48F4-9F82-752DD8F3DD48}"
EndProject
Project("{9A19103F-16F7-4668-BE54-9A1E7A4F7556}") = "Heroes.Server", "Heroes.Server\Heroes.Server.csproj", "{8FAC33D1-54B1-473F-BE9C-2777F71F1D7A}"
EndProject
Project("{2150E333-8FDC-42A3-9474-1A3956D46DE8}") = "tools", "tools", "{C5911799-6F6D-4CDA-B2AB-EEFD9D54A473}"
	ProjectSection(SolutionItems) = preProject
		app-info.json = app-info.json
		Directory.Build.props = Directory.Build.props
		NuGet.Config = NuGet.Config
		readme.md = readme.md
	EndProjectSection
EndProject
Project("{9A19103F-16F7-4668-BE54-9A1E7A4F7556}") = "Heroes.Clients", "Heroes.Clients\Heroes.Clients.csproj", "{886FD2D5-5C53-46CB-A609-7D71A4F191DD}"
EndProject
Project("{2150E333-8FDC-42A3-9474-1A3956D46DE8}") = "src", "src", "{65507135-64DE-4BD5-AB2D-A0CC5455FD97}"
EndProject
Project("{9A19103F-16F7-4668-BE54-9A1E7A4F7556}") = "Heroes.Core", "Heroes.Core\Heroes.Core.csproj", "{BBB8233C-FB07-4948-962F-4B535B5A5894}"
EndProject
Project("{2150E333-8FDC-42A3-9474-1A3956D46DE8}") = "external-libs", "external-libs", "{104FCBD5-6F8B-4562-A55D-75AADE4316AE}"
EndProject
Project("{9A19103F-16F7-4668-BE54-9A1E7A4F7556}") = "SignalR.Orleans", "..\SignalR.Orleans\src\SignalR.Orleans\SignalR.Orleans.csproj", "{8D4FC2A5-37B6-4D4A-911D-0608FBFCA2BA}"
EndProject
Global
	GlobalSection(SolutionConfigurationPlatforms) = preSolution
		Debug|Any CPU = Debug|Any CPU
		Release|Any CPU = Release|Any CPU
	EndGlobalSection
	GlobalSection(ProjectConfigurationPlatforms) = postSolution
		{812E3337-C3B3-4232-B546-22216DFC5D2E}.Debug|Any CPU.ActiveCfg = Debug|Any CPU
		{812E3337-C3B3-4232-B546-22216DFC5D2E}.Debug|Any CPU.Build.0 = Debug|Any CPU
		{812E3337-C3B3-4232-B546-22216DFC5D2E}.Release|Any CPU.ActiveCfg = Release|Any CPU
		{812E3337-C3B3-4232-B546-22216DFC5D2E}.Release|Any CPU.Build.0 = Release|Any CPU
		{663092C6-1939-4E55-AEFA-2CF731DD21D3}.Debug|Any CPU.ActiveCfg = Debug|Any CPU
		{663092C6-1939-4E55-AEFA-2CF731DD21D3}.Debug|Any CPU.Build.0 = Debug|Any CPU
		{663092C6-1939-4E55-AEFA-2CF731DD21D3}.Release|Any CPU.ActiveCfg = Release|Any CPU
		{663092C6-1939-4E55-AEFA-2CF731DD21D3}.Release|Any CPU.Build.0 = Release|Any CPU
		{E41408EF-E16E-48F4-9F82-752DD8F3DD48}.Debug|Any CPU.ActiveCfg = Debug|Any CPU
		{E41408EF-E16E-48F4-9F82-752DD8F3DD48}.Debug|Any CPU.Build.0 = Debug|Any CPU
		{E41408EF-E16E-48F4-9F82-752DD8F3DD48}.Release|Any CPU.ActiveCfg = Release|Any CPU
		{E41408EF-E16E-48F4-9F82-752DD8F3DD48}.Release|Any CPU.Build.0 = Release|Any CPU
		{8FAC33D1-54B1-473F-BE9C-2777F71F1D7A}.Debug|Any CPU.ActiveCfg = Debug|Any CPU
		{8FAC33D1-54B1-473F-BE9C-2777F71F1D7A}.Debug|Any CPU.Build.0 = Debug|Any CPU
		{8FAC33D1-54B1-473F-BE9C-2777F71F1D7A}.Release|Any CPU.ActiveCfg = Release|Any CPU
		{8FAC33D1-54B1-473F-BE9C-2777F71F1D7A}.Release|Any CPU.Build.0 = Release|Any CPU
		{886FD2D5-5C53-46CB-A609-7D71A4F191DD}.Debug|Any CPU.ActiveCfg = Debug|Any CPU
		{886FD2D5-5C53-46CB-A609-7D71A4F191DD}.Debug|Any CPU.Build.0 = Debug|Any CPU
		{886FD2D5-5C53-46CB-A609-7D71A4F191DD}.Release|Any CPU.ActiveCfg = Release|Any CPU
		{886FD2D5-5C53-46CB-A609-7D71A4F191DD}.Release|Any CPU.Build.0 = Release|Any CPU
		{BBB8233C-FB07-4948-962F-4B535B5A5894}.Debug|Any CPU.ActiveCfg = Debug|Any CPU
		{BBB8233C-FB07-4948-962F-4B535B5A5894}.Debug|Any CPU.Build.0 = Debug|Any CPU
		{BBB8233C-FB07-4948-962F-4B535B5A5894}.Release|Any CPU.ActiveCfg = Release|Any CPU
		{BBB8233C-FB07-4948-962F-4B535B5A5894}.Release|Any CPU.Build.0 = Release|Any CPU
		{8D4FC2A5-37B6-4D4A-911D-0608FBFCA2BA}.Debug|Any CPU.ActiveCfg = Debug|Any CPU
		{8D4FC2A5-37B6-4D4A-911D-0608FBFCA2BA}.Debug|Any CPU.Build.0 = Debug|Any CPU
		{8D4FC2A5-37B6-4D4A-911D-0608FBFCA2BA}.Release|Any CPU.ActiveCfg = Release|Any CPU
		{8D4FC2A5-37B6-4D4A-911D-0608FBFCA2BA}.Release|Any CPU.Build.0 = Release|Any CPU
	EndGlobalSection
	GlobalSection(SolutionProperties) = preSolution
		HideSolutionNode = FALSE
	EndGlobalSection
	GlobalSection(NestedProjects) = preSolution
		{812E3337-C3B3-4232-B546-22216DFC5D2E} = {65507135-64DE-4BD5-AB2D-A0CC5455FD97}
		{663092C6-1939-4E55-AEFA-2CF731DD21D3} = {65507135-64DE-4BD5-AB2D-A0CC5455FD97}
		{E41408EF-E16E-48F4-9F82-752DD8F3DD48} = {65507135-64DE-4BD5-AB2D-A0CC5455FD97}
		{8FAC33D1-54B1-473F-BE9C-2777F71F1D7A} = {65507135-64DE-4BD5-AB2D-A0CC5455FD97}
		{886FD2D5-5C53-46CB-A609-7D71A4F191DD} = {65507135-64DE-4BD5-AB2D-A0CC5455FD97}
		{BBB8233C-FB07-4948-962F-4B535B5A5894} = {65507135-64DE-4BD5-AB2D-A0CC5455FD97}
		{8D4FC2A5-37B6-4D4A-911D-0608FBFCA2BA} = {104FCBD5-6F8B-4562-A55D-75AADE4316AE}
	EndGlobalSection
	GlobalSection(ExtensibilityGlobals) = postSolution
		SolutionGuid = {C8D162F0-CA39-495D-9796-16A8004BB075}
	EndGlobalSection
EndGlobal
